# @generated - this file is auto-generated by `mise lock` https://mise.en.dev/dev-tools/mise-lock.html

[[tools.bun]]
version = "1.3.14"
backend = "core:bun"

[tools.bun."platforms.linux-arm64"]
checksum = "sha256:a27ffb63a8310375836e0d6f668ae17fa8d8d18b88c37c821c65331973a19a3b"
url = "https://github.com/oven-sh/bun/releases/download/bun-v1.3.14/bun-linux-aarch64.zip"

[tools.bun."platforms.linux-arm64-musl"]
checksum = "sha256:b98e0ad3625c5c00d1d5b5ff55605c7adddbfae151861e68ade57b2d3b8703bb"
url = "https://github.com/oven-sh/bun/releases/download/bun-v1.3.14/bun-linux-aarch64-musl.zip"

[tools.bun."platforms.linux-x64"]
checksum = "sha256:951ee2aee855f08595aeec6225226a298d3fea83a3dcd6465c09cbccdf7e848f"
url = "https://github.com/oven-sh/bun/releases/download/bun-v1.3.14/bun-linux-x64.zip"

[tools.bun."platforms.linux-x64-baseline"]
checksum = "sha256:a063908ae08b7852ca10939bbdc6ceed3ddabce8fb9402dce83d65d73b36e6c7"
url = "https://github.com/oven-sh/bun/releases/download/bun-v1.3.14/bun-linux-x64-baseline.zip"

[tools.bun."platforms.linux-x64-musl"]
checksum = "sha256:14bd9aedeebf1dba67e8def9531c89bc989ecfdf1de42e5bfcaf1b8cd9294719"
url = "https://github.com/oven-sh/bun/releases/download/bun-v1.3.14/bun-linux-x64-musl.zip"

[tools.bun."platforms.linux-x64-musl-baseline"]
checksum = "sha256:56a7d6806cf155536c0178f0ea5fbd098e684fa509ebdb4fc0a7e19fb65382dc"
url = "https://github.com/oven-sh/bun/releases/download/bun-v1.3.14/bun-linux-x64-musl-baseline.zip"

[tools.bun."platforms.macos-arm64"]
checksum = "sha256:d8b96221828ad6f97ac7ac0ab7e95872341af763001e8803e8267652c2652620"
url = "https://github.com/oven-sh/bun/releases/download/bun-v1.3.14/bun-darwin-aarch64.zip"

[tools.bun."platforms.macos-x64"]
checksum = "sha256:4183df3374623e5bab315c547cfa0974533cd457d86b73b639f7a87974cd6633"
url = "https://github.com/oven-sh/bun/releases/download/bun-v1.3.14/bun-darwin-x64.zip"

[tools.bun."platforms.macos-x64-baseline"]
checksum = "sha256:3e35ad6f53971a9834bf9e6786e2adf72b5f1921cc9a9c5fde073d2972944076"
url = "https://github.com/oven-sh/bun/releases/download/bun-v1.3.14/bun-darwin-x64-baseline.zip"

[tools.bun."platforms.windows-x64"]
checksum = "sha256:0a0620930b6675d7ba440e81f4e0e00d3cfbe096c4b140d3fff02205e9e18922"
url = "https://github.com/oven-sh/bun/releases/download/bun-v1.3.14/bun-windows-x64.zip"

[tools.bun."platforms.windows-x64-baseline"]
checksum = "sha256:538f9c846355d9e847b2671bc00c47da4229a0befb24df3282b739770f3b475f"
url = "https://github.com/oven-sh/bun/releases/download/bun-v1.3.14/bun-windows-x64-baseline.zip"

[[tools.doppler]]
version = "3.76.0"
backend = "github:DopplerHQ/cli"

[tools.doppler."platforms.linux-arm64"]
checksum = "sha256:ee57701385fc33fba550f913641812ed2ff020631e3ac8cc14616cbde2118884"
url = "https://github.com/DopplerHQ/cli/releases/download/3.76.0/doppler_3.76.0_linux_arm64.tar.gz"
url_api = "https://api.github.com/repos/DopplerHQ/cli/releases/assets/402869206"

[tools.doppler."platforms.linux-arm64-musl"]
checksum = "sha256:ee57701385fc33fba550f913641812ed2ff020631e3ac8cc14616cbde2118884"
url = "https://github.com/DopplerHQ/cli/releases/download/3.76.0/doppler_3.76.0_linux_arm64.tar.gz"
url_api = "https://api.github.com/repos/DopplerHQ/cli/releases/assets/402869206"

[tools.doppler."platforms.linux-x64"]
checksum = "sha256:04f1ff30ed162d7af1dba7f11ad6a37ef35099de86a7ec6e261b64b1b337a3f3"
url = "https://github.com/DopplerHQ/cli/releases/download/3.76.0/doppler_3.76.0_linux_amd64.tar.gz"
url_api = "https://api.github.com/repos/DopplerHQ/cli/releases/assets/402869217"

[tools.doppler."platforms.linux-x64-musl"]
checksum = "sha256:04f1ff30ed162d7af1dba7f11ad6a37ef35099de86a7ec6e261b64b1b337a3f3"
url = "https://github.com/DopplerHQ/cli/releases/download/3.76.0/doppler_3.76.0_linux_amd64.tar.gz"
url_api = "https://api.github.com/repos/DopplerHQ/cli/releases/assets/402869217"

[tools.doppler."platforms.macos-arm64"]
checksum = "sha256:f8a546d4b177255816f3b1262347bb643b0bcb8cf82d5859e5426c11f56636dc"
url = "https://github.com/DopplerHQ/cli/releases/download/3.76.0/doppler_3.76.0_macOS_arm64.tar.gz"
url_api = "https://api.github.com/repos/DopplerHQ/cli/releases/assets/402869208"

[tools.doppler."platforms.macos-x64"]
checksum = "sha256:1a70842d5de95232c5bae732721058690c748db5e5c7510e828116392e9f0682"
url = "https://github.com/DopplerHQ/cli/releases/download/3.76.0/doppler_3.76.0_macOS_amd64.tar.gz"
url_api = "https://api.github.com/repos/DopplerHQ/cli/releases/assets/402869199"

[tools.doppler."platforms.windows-x64"]
checksum = "sha256:fd095b1849eda66547f2bcb4265b31544d9a282a3362d73d82d28262ecd67edd"
url = "https://github.com/DopplerHQ/cli/releases/download/3.76.0/doppler_3.76.0_windows_amd64.zip"
url_api = "https://api.github.com/repos/DopplerHQ/cli/releases/assets/402869216"

[[tools.fnox]]
version = "1.25.1"
backend = "github:jdx/fnox"

[tools.fnox."platforms.linux-arm64"]
checksum = "sha256:fc37354b449e93cf6a15a18c15b58b27f4304ac532559b447e88b7f4e03eea83"
url = "https://github.com/jdx/fnox/releases/download/v1.25.1/fnox-aarch64-unknown-linux-gnu.tar.gz"
url_api = "https://api.github.com/repos/jdx/fnox/releases/assets/422647955"
provenance = "github-attestations"

[tools.fnox."platforms.linux-arm64-musl"]
checksum = "sha256:1e5e902a941d3a7eea262699d0f7169da5e5d06155c2f82def0baff086f9d3a4"
url = "https://github.com/jdx/fnox/releases/download/v1.25.1/fnox-aarch64-unknown-linux-musl.tar.gz"
url_api = "https://api.github.com/repos/jdx/fnox/releases/assets/422647954"
provenance = "github-attestations"

[tools.fnox."platforms.linux-x64"]
checksum = "sha256:157a3ade234eec5b8a57dfc2ae5e3ac40f1871a5fd8affac94131d91ca60023b"
url = "https://github.com/jdx/fnox/releases/download/v1.25.1/fnox-x86_64-unknown-linux-gnu.tar.gz"
url_api = "https://api.github.com/repos/jdx/fnox/releases/assets/422647964"
provenance = "github-attestations"

[tools.fnox."platforms.linux-x64-baseline"]
checksum = "sha256:157a3ade234eec5b8a57dfc2ae5e3ac40f1871a5fd8affac94131d91ca60023b"
url = "https://github.com/jdx/fnox/releases/download/v1.25.1/fnox-x86_64-unknown-linux-gnu.tar.gz"
url_api = "https://api.github.com/repos/jdx/fnox/releases/assets/422647964"
provenance = "github-attestations"

[tools.fnox."platforms.linux-x64-musl"]
checksum = "sha256:9bb4f563a65ba89e5a6759e95658eafbd1e32d8bd8cb1bf72fc5ff652566eaf5"
url = "https://github.com/jdx/fnox/releases/download/v1.25.1/fnox-x86_64-unknown-linux-musl.tar.gz"
url_api = "https://api.github.com/repos/jdx/fnox/releases/assets/422647965"
provenance = "github-attestations"

[tools.fnox."platforms.linux-x64-musl-baseline"]
checksum = "sha256:9bb4f563a65ba89e5a6759e95658eafbd1e32d8bd8cb1bf72fc5ff652566eaf5"
url = "https://github.com/jdx/fnox/releases/download/v1.25.1/fnox-x86_64-unknown-linux-musl.tar.gz"
url_api = "https://api.github.com/repos/jdx/fnox/releases/assets/422647965"
provenance = "github-attestations"

[tools.fnox."platforms.macos-arm64"]
checksum = "sha256:39d1f8cc620d3784f1b4c0127a0cf404f97d35ac4233656d36891d80c77cd147"
url = "https://github.com/jdx/fnox/releases/download/v1.25.1/fnox-aarch64-apple-darwin.tar.gz"
url_api = "https://api.github.com/repos/jdx/fnox/releases/assets/422647956"
provenance = "github-attestations"

[tools.fnox."platforms.macos-x64"]
checksum = "sha256:82ff6c5a8431a0f7d2d7c0d1c9c29c9ead860ef1bfbdd18e818b3c24bcde44cb"
url = "https://github.com/jdx/fnox/releases/download/v1.25.1/fnox-x86_64-apple-darwin.tar.gz"
url_api = "https://api.github.com/repos/jdx/fnox/releases/assets/422647953"
provenance = "github-attestations"

[tools.fnox."platforms.macos-x64-baseline"]
checksum = "sha256:82ff6c5a8431a0f7d2d7c0d1c9c29c9ead860ef1bfbdd18e818b3c24bcde44cb"
url = "https://github.com/jdx/fnox/releases/download/v1.25.1/fnox-x86_64-apple-darwin.tar.gz"
url_api = "https://api.github.com/repos/jdx/fnox/releases/assets/422647953"
provenance = "github-attestations"

[tools.fnox."platforms.windows-x64"]
checksum = "sha256:e2874ecb0bb39816d1e5af60a920875bba5831182a46dad629a206bfcc4cb5bb"
url = "https://github.com/jdx/fnox/releases/download/v1.25.1/fnox-x86_64-pc-windows-msvc.zip"
url_api = "https://api.github.com/repos/jdx/fnox/releases/assets/422647962"
provenance = "github-attestations"

[tools.fnox."platforms.windows-x64-baseline"]
checksum = "sha256:e2874ecb0bb39816d1e5af60a920875bba5831182a46dad629a206bfcc4cb5bb"
url = "https://github.com/jdx/fnox/releases/download/v1.25.1/fnox-x86_64-pc-windows-msvc.zip"
url_api = "https://api.github.com/repos/jdx/fnox/releases/assets/422647962"
provenance = "github-attestations"

[[tools.wrangler]]
version = "4.104.0"
backend = "npm:wrangler"

[tools.wrangler.options]
allow_builds = '["esbuild", "sharp", "workerd"]'
